
Microsoft Visual Studio Solution File, Format Version 12.00
# Visual Studio 2012
Project("{2150E333-8FDC-42A3-9474-1A3956D46DE8}") = "FSharp", "FSharp", "{4D3AB6DF-7FB4-407D-B148-AE8260EB7A51}"
EndProject
Project("{F2A71F9B-5D33-465A-A702-920D77279786}") = "Problem0001", "Problem0001\Problem0001.fsproj", "{607DB7E6-8AF8-44AD-AE98-69A1BC64FD6C}"
EndProject
Project("{F2A71F9B-5D33-465A-A702-920D77279786}") = "Problem0002", "Problem0002\Problem0002.fsproj", "{BAE01DE2-A5D1-4679-AB97-B23CB3EF6FE3}"
EndProject
Project("{F2A71F9B-5D33-465A-A702-920D77279786}") = "Problem0003", "Problem0003\Problem0003.fsproj", "{AB2F933B-FAF7-4600-81D3-6AFADA4B48E3}"
EndProject
Project("{F2A71F9B-5D33-465A-A702-920D77279786}") = "Problem0004", "Problem0004\Problem0004.fsproj", "{9EF95D40-F524-433E-AA75-90CC48B7DA57}"
EndProject
Project("{F2A71F9B-5D33-465A-A702-920D77279786}") = "Problem0006", "Problem0006\Problem0006.fsproj", "{863E3A02-A804-4124-8936-96F0E29FEAE2}"
EndProject
Project("{F2A71F9B-5D33-465A-A702-920D77279786}") = "Problem0005", "Problem0005\Problem0005.fsproj", "{2990FF3F-CE25-40ED-B6FD-DAB8A95B28AE}"
EndProject
Project("{F2A71F9B-5D33-465A-A702-920D77279786}") = "Problem0007", "Problem0007\Problem0007.fsproj", "{7C36CAD3-A0BE-4E92-9F5A-B562323156A5}"
EndProject
Project("{F2A71F9B-5D33-465A-A702-920D77279786}") = "Problem0008", "Problem0008\Problem0008.fsproj", "{5F7E6224-6405-4FEA-B08A-C9292E72DF38}"
EndProject
Project("{F2A71F9B-5D33-465A-A702-920D77279786}") = "Problem0009", "Problem0009\Problem0009.fsproj", "{D21CD2E4-E0C3-46FB-AC98-7FFC5CD831CB}"
EndProject
Project("{F2A71F9B-5D33-465A-A702-920D77279786}") = "Problem0010", "Problem0010\Problem0010.fsproj", "{1F5C6A60-9251-4836-94D8-DB3196F3CCC1}"
EndProject
Project("{F2A71F9B-5D33-465A-A702-920D77279786}") = "Problem0011", "Problem0011\Problem0011.fsproj", "{F6717DBE-5D9F-463F-80AE-C7F5DC4AA9F2}"
EndProject
Project("{F2A71F9B-5D33-465A-A702-920D77279786}") = "Problem0012", "Problem0012\Problem0012.fsproj", "{75720463-093E-4485-A3E8-FEFB69E8DCF7}"
EndProject
Global
	GlobalSection(TestCaseManagementSettings) = postSolution
		CategoryFile = CACloud.vsmdi
	EndGlobalSection
	GlobalSection(SolutionConfigurationPlatforms) = preSolution
		Debug|Any CPU = Debug|Any CPU
		Release|Any CPU = Release|Any CPU
	EndGlobalSection
	GlobalSection(ProjectConfigurationPlatforms) = postSolution
		{607DB7E6-8AF8-44AD-AE98-69A1BC64FD6C}.Debug|Any CPU.ActiveCfg = Debug|Any CPU
		{607DB7E6-8AF8-44AD-AE98-69A1BC64FD6C}.Debug|Any CPU.Build.0 = Debug|Any CPU
		{607DB7E6-8AF8-44AD-AE98-69A1BC64FD6C}.Release|Any CPU.ActiveCfg = Release|Any CPU
		{607DB7E6-8AF8-44AD-AE98-69A1BC64FD6C}.Release|Any CPU.Build.0 = Release|Any CPU
		{BAE01DE2-A5D1-4679-AB97-B23CB3EF6FE3}.Debug|Any CPU.ActiveCfg = Debug|Any CPU
		{BAE01DE2-A5D1-4679-AB97-B23CB3EF6FE3}.Debug|Any CPU.Build.0 = Debug|Any CPU
		{BAE01DE2-A5D1-4679-AB97-B23CB3EF6FE3}.Release|Any CPU.ActiveCfg = Release|Any CPU
		{BAE01DE2-A5D1-4679-AB97-B23CB3EF6FE3}.Release|Any CPU.Build.0 = Release|Any CPU
		{AB2F933B-FAF7-4600-81D3-6AFADA4B48E3}.Debug|Any CPU.ActiveCfg = Debug|Any CPU
		{AB2F933B-FAF7-4600-81D3-6AFADA4B48E3}.Debug|Any CPU.Build.0 = Debug|Any CPU
		{AB2F933B-FAF7-4600-81D3-6AFADA4B48E3}.Release|Any CPU.ActiveCfg = Release|Any CPU
		{AB2F933B-FAF7-4600-81D3-6AFADA4B48E3}.Release|Any CPU.Build.0 = Release|Any CPU
		{9EF95D40-F524-433E-AA75-90CC48B7DA57}.Debug|Any CPU.ActiveCfg = Debug|Any CPU
		{9EF95D40-F524-433E-AA75-90CC48B7DA57}.Debug|Any CPU.Build.0 = Debug|Any CPU
		{9EF95D40-F524-433E-AA75-90CC48B7DA57}.Release|Any CPU.ActiveCfg = Release|Any CPU
		{9EF95D40-F524-433E-AA75-90CC48B7DA57}.Release|Any CPU.Build.0 = Release|Any CPU
		{863E3A02-A804-4124-8936-96F0E29FEAE2}.Debug|Any CPU.ActiveCfg = Debug|Any CPU
		{863E3A02-A804-4124-8936-96F0E29FEAE2}.Debug|Any CPU.Build.0 = Debug|Any CPU
		{863E3A02-A804-4124-8936-96F0E29FEAE2}.Release|Any CPU.ActiveCfg = Release|Any CPU
		{863E3A02-A804-4124-8936-96F0E29FEAE2}.Release|Any CPU.Build.0 = Release|Any CPU
		{2990FF3F-CE25-40ED-B6FD-DAB8A95B28AE}.Debug|Any CPU.ActiveCfg = Debug|Any CPU
		{2990FF3F-CE25-40ED-B6FD-DAB8A95B28AE}.Debug|Any CPU.Build.0 = Debug|Any CPU
		{2990FF3F-CE25-40ED-B6FD-DAB8A95B28AE}.Release|Any CPU.ActiveCfg = Release|Any CPU
		{2990FF3F-CE25-40ED-B6FD-DAB8A95B28AE}.Release|Any CPU.Build.0 = Release|Any CPU
		{7C36CAD3-A0BE-4E92-9F5A-B562323156A5}.Debug|Any CPU.ActiveCfg = Debug|Any CPU
		{7C36CAD3-A0BE-4E92-9F5A-B562323156A5}.Debug|Any CPU.Build.0 = Debug|Any CPU
		{7C36CAD3-A0BE-4E92-9F5A-B562323156A5}.Release|Any CPU.ActiveCfg = Release|Any CPU
		{7C36CAD3-A0BE-4E92-9F5A-B562323156A5}.Release|Any CPU.Build.0 = Release|Any CPU
		{5F7E6224-6405-4FEA-B08A-C9292E72DF38}.Debug|Any CPU.ActiveCfg = Debug|Any CPU
		{5F7E6224-6405-4FEA-B08A-C9292E72DF38}.Debug|Any CPU.Build.0 = Debug|Any CPU
		{5F7E6224-6405-4FEA-B08A-C9292E72DF38}.Release|Any CPU.ActiveCfg = Release|Any CPU
		{5F7E6224-6405-4FEA-B08A-C9292E72DF38}.Release|Any CPU.Build.0 = Release|Any CPU
		{D21CD2E4-E0C3-46FB-AC98-7FFC5CD831CB}.Debug|Any CPU.ActiveCfg = Debug|Any CPU
		{D21CD2E4-E0C3-46FB-AC98-7FFC5CD831CB}.Debug|Any CPU.Build.0 = Debug|Any CPU
		{D21CD2E4-E0C3-46FB-AC98-7FFC5CD831CB}.Release|Any CPU.ActiveCfg = Release|Any CPU
		{D21CD2E4-E0C3-46FB-AC98-7FFC5CD831CB}.Release|Any CPU.Build.0 = Release|Any CPU
		{1F5C6A60-9251-4836-94D8-DB3196F3CCC1}.Debug|Any CPU.ActiveCfg = Debug|Any CPU
		{1F5C6A60-9251-4836-94D8-DB3196F3CCC1}.Debug|Any CPU.Build.0 = Debug|Any CPU
		{1F5C6A60-9251-4836-94D8-DB3196F3CCC1}.Release|Any CPU.ActiveCfg = Release|Any CPU
		{1F5C6A60-9251-4836-94D8-DB3196F3CCC1}.Release|Any CPU.Build.0 = Release|Any CPU
		{F6717DBE-5D9F-463F-80AE-C7F5DC4AA9F2}.Debug|Any CPU.ActiveCfg = Debug|Any CPU
		{F6717DBE-5D9F-463F-80AE-C7F5DC4AA9F2}.Debug|Any CPU.Build.0 = Debug|Any CPU
		{F6717DBE-5D9F-463F-80AE-C7F5DC4AA9F2}.Release|Any CPU.ActiveCfg = Release|Any CPU
		{F6717DBE-5D9F-463F-80AE-C7F5DC4AA9F2}.Release|Any CPU.Build.0 = Release|Any CPU
		{75720463-093E-4485-A3E8-FEFB69E8DCF7}.Debug|Any CPU.ActiveCfg = Debug|Any CPU
		{75720463-093E-4485-A3E8-FEFB69E8DCF7}.Debug|Any CPU.Build.0 = Debug|Any CPU
		{75720463-093E-4485-A3E8-FEFB69E8DCF7}.Release|Any CPU.ActiveCfg = Release|Any CPU
		{75720463-093E-4485-A3E8-FEFB69E8DCF7}.Release|Any CPU.Build.0 = Release|Any CPU
	EndGlobalSection
	GlobalSection(SolutionProperties) = preSolution
		HideSolutionNode = FALSE
	EndGlobalSection
	GlobalSection(NestedProjects) = preSolution
		{607DB7E6-8AF8-44AD-AE98-69A1BC64FD6C} = {4D3AB6DF-7FB4-407D-B148-AE8260EB7A51}
		{BAE01DE2-A5D1-4679-AB97-B23CB3EF6FE3} = {4D3AB6DF-7FB4-407D-B148-AE8260EB7A51}
		{AB2F933B-FAF7-4600-81D3-6AFADA4B48E3} = {4D3AB6DF-7FB4-407D-B148-AE8260EB7A51}
		{9EF95D40-F524-433E-AA75-90CC48B7DA57} = {4D3AB6DF-7FB4-407D-B148-AE8260EB7A51}
		{863E3A02-A804-4124-8936-96F0E29FEAE2} = {4D3AB6DF-7FB4-407D-B148-AE8260EB7A51}
		{2990FF3F-CE25-40ED-B6FD-DAB8A95B28AE} = {4D3AB6DF-7FB4-407D-B148-AE8260EB7A51}
		{7C36CAD3-A0BE-4E92-9F5A-B562323156A5} = {4D3AB6DF-7FB4-407D-B148-AE8260EB7A51}
		{5F7E6224-6405-4FEA-B08A-C9292E72DF38} = {4D3AB6DF-7FB4-407D-B148-AE8260EB7A51}
		{D21CD2E4-E0C3-46FB-AC98-7FFC5CD831CB} = {4D3AB6DF-7FB4-407D-B148-AE8260EB7A51}
		{1F5C6A60-9251-4836-94D8-DB3196F3CCC1} = {4D3AB6DF-7FB4-407D-B148-AE8260EB7A51}
		{F6717DBE-5D9F-463F-80AE-C7F5DC4AA9F2} = {4D3AB6DF-7FB4-407D-B148-AE8260EB7A51}
		{75720463-093E-4485-A3E8-FEFB69E8DCF7} = {4D3AB6DF-7FB4-407D-B148-AE8260EB7A51}
	EndGlobalSection
	GlobalSection(ExtensibilityGlobals) = postSolution
		EnterpriseLibraryConfigurationToolBinariesPath = packages\Unity.2.1.505.2\lib\NET35
	EndGlobalSection
EndGlobal
